// !$*UTF8*$!
{
	archiveVersion = 1;
	classes = {
	};
	objectVersion = 46;
	objects = {

/* Begin PBXBuildFile section */
		335DD08FA20CD7B55AD9F4C7 /* Pods_WebSocketTracker.framework in Frameworks */ = {isa = PBXBuildFile; fileRef = 2B8C0392F7ACB1BB5ABF041F /* Pods_WebSocketTracker.framework */; };
		A54E14C81ED9AEF90066F17E /* AppDelegate.swift in Sources */ = {isa = PBXBuildFile; fileRef = A54E14C71ED9AEF90066F17E /* AppDelegate.swift */; };
		A54E14CA1ED9AEF90066F17E /* UsersListVC.swift in Sources */ = {isa = PBXBuildFile; fileRef = A54E14C91ED9AEF90066F17E /* UsersListVC.swift */; };
		A54E14CD1ED9AEF90066F17E /* Main.storyboard in Resources */ = {isa = PBXBuildFile; fileRef = A54E14CB1ED9AEF90066F17E /* Main.storyboard */; };
		A54E14CF1ED9AEF90066F17E /* Assets.xcassets in Resources */ = {isa = PBXBuildFile; fileRef = A54E14CE1ED9AEF90066F17E /* Assets.xcassets */; };
		A54E14D21ED9AEF90066F17E /* LaunchScreen.storyboard in Resources */ = {isa = PBXBuildFile; fileRef = A54E14D01ED9AEF90066F17E /* LaunchScreen.storyboard */; };
		A54E14DD1ED9AEF90066F17E /* WebSocketTrackerTests.swift in Sources */ = {isa = PBXBuildFile; fileRef = A54E14DC1ED9AEF90066F17E /* WebSocketTrackerTests.swift */; };
		A54E14E81ED9AEFA0066F17E /* WebSocketTrackerUITests.swift in Sources */ = {isa = PBXBuildFile; fileRef = A54E14E71ED9AEFA0066F17E /* WebSocketTrackerUITests.swift */; };
		A54E14F61ED9B4380066F17E /* SocketManager.swift in Sources */ = {isa = PBXBuildFile; fileRef = A54E14F51ED9B4380066F17E /* SocketManager.swift */; };
		A54E14F81ED9DA800066F17E /* MapVC.swift in Sources */ = {isa = PBXBuildFile; fileRef = A54E14F71ED9DA800066F17E /* MapVC.swift */; };
/* End PBXBuildFile section */

/* Begin PBXContainerItemProxy section */
		A54E14D91ED9AEF90066F17E /* PBXContainerItemProxy */ = {
			isa = PBXContainerItemProxy;
			containerPortal = A54E14BC1ED9AEF90066F17E /* Project object */;
			proxyType = 1;
			remoteGlobalIDString = A54E14C31ED9AEF90066F17E;
			remoteInfo = WebSocketTracker;
		};
		A54E14E41ED9AEFA0066F17E /* PBXContainerItemProxy */ = {
			isa = PBXContainerItemProxy;
			containerPortal = A54E14BC1ED9AEF90066F17E /* Project object */;
			proxyType = 1;
			remoteGlobalIDString = A54E14C31ED9AEF90066F17E;
			remoteInfo = WebSocketTracker;
		};
/* End PBXContainerItemProxy section */

/* Begin PBXFileReference section */
		0A45B887241C42A95B85701D /* Pods-WebSocketTracker.debug.xcconfig */ = {isa = PBXFileReference; includeInIndex = 1; lastKnownFileType = text.xcconfig; name = "Pods-WebSocketTracker.debug.xcconfig"; path = "Pods/Target Support Files/Pods-WebSocketTracker/Pods-WebSocketTracker.debug.xcconfig"; sourceTree = "<group>"; };
		2B8C0392F7ACB1BB5ABF041F /* Pods_WebSocketTracker.framework */ = {isa = PBXFileReference; explicitFileType = wrapper.framework; includeInIndex = 0; path = Pods_WebSocketTracker.framework; sourceTree = BUILT_PRODUCTS_DIR; };
		A54E14C41ED9AEF90066F17E /* WebSocketTracker.app */ = {isa = PBXFileReference; explicitFileType = wrapper.application; includeInIndex = 0; path = WebSocketTracker.app; sourceTree = BUILT_PRODUCTS_DIR; };
		A54E14C71ED9AEF90066F17E /* AppDelegate.swift */ = {isa = PBXFileReference; lastKnownFileType = sourcecode.swift; path = AppDelegate.swift; sourceTree = "<group>"; };
		A54E14C91ED9AEF90066F17E /* UsersListVC.swift */ = {isa = PBXFileReference; lastKnownFileType = sourcecode.swift; path = UsersListVC.swift; sourceTree = "<group>"; };
		A54E14CC1ED9AEF90066F17E /* Base */ = {isa = PBXFileReference; lastKnownFileType = file.storyboard; name = Base; path = Base.lproj/Main.storyboard; sourceTree = "<group>"; };
		A54E14CE1ED9AEF90066F17E /* Assets.xcassets */ = {isa = PBXFileReference; lastKnownFileType = folder.assetcatalog; path = Assets.xcassets; sourceTree = "<group>"; };
		A54E14D11ED9AEF90066F17E /* Base */ = {isa = PBXFileReference; lastKnownFileType = file.storyboard; name = Base; path = Base.lproj/LaunchScreen.storyboard; sourceTree = "<group>"; };
		A54E14D31ED9AEF90066F17E /* Info.plist */ = {isa = PBXFileReference; lastKnownFileType = text.plist.xml; path = Info.plist; sourceTree = "<group>"; };
		A54E14D81ED9AEF90066F17E /* WebSocketTrackerTests.xctest */ = {isa = PBXFileReference; explicitFileType = wrapper.cfbundle; includeInIndex = 0; path = WebSocketTrackerTests.xctest; sourceTree = BUILT_PRODUCTS_DIR; };
		A54E14DC1ED9AEF90066F17E /* WebSocketTrackerTests.swift */ = {isa = PBXFileReference; lastKnownFileType = sourcecode.swift; path = WebSocketTrackerTests.swift; sourceTree = "<group>"; };
		A54E14DE1ED9AEFA0066F17E /* Info.plist */ = {isa = PBXFileReference; lastKnownFileType = text.plist.xml; path = Info.plist; sourceTree = "<group>"; };
		A54E14E31ED9AEFA0066F17E /* WebSocketTrackerUITests.xctest */ = {isa = PBXFileReference; explicitFileType = wrapper.cfbundle; includeInIndex = 0; path = WebSocketTrackerUITests.xctest; sourceTree = BUILT_PRODUCTS_DIR; };
		A54E14E71ED9AEFA0066F17E /* WebSocketTrackerUITests.swift */ = {isa = PBXFileReference; lastKnownFileType = sourcecode.swift; path = WebSocketTrackerUITests.swift; sourceTree = "<group>"; };
		A54E14E91ED9AEFA0066F17E /* Info.plist */ = {isa = PBXFileReference; lastKnownFileType = text.plist.xml; path = Info.plist; sourceTree = "<group>"; };
		A54E14F51ED9B4380066F17E /* SocketManager.swift */ = {isa = PBXFileReference; fileEncoding = 4; lastKnownFileType = sourcecode.swift; path = SocketManager.swift; sourceTree = "<group>"; };
		A54E14F71ED9DA800066F17E /* MapVC.swift */ = {isa = PBXFileReference; fileEncoding = 4; lastKnownFileType = sourcecode.swift; path = MapVC.swift; sourceTree = "<group>"; };
		F2F8F69B72F7A5C0287E407C /* Pods-WebSocketTracker.release.xcconfig */ = {isa = PBXFileReference; includeInIndex = 1; lastKnownFileType = text.xcconfig; name = "Pods-WebSocketTracker.release.xcconfig"; path = "Pods/Target Support Files/Pods-WebSocketTracker/Pods-WebSocketTracker.release.xcconfig"; sourceTree = "<group>"; };
/* End PBXFileReference section */

/* Begin PBXFrameworksBuildPhase section */
		A54E14C11ED9AEF90066F17E /* Frameworks */ = {
			isa = PBXFrameworksBuildPhase;
			buildActionMask = 2147483647;
			files = (
				335DD08FA20CD7B55AD9F4C7 /* Pods_WebSocketTracker.framework in Frameworks */,
			);
			runOnlyForDeploymentPostprocessing = 0;
		};
		A54E14D51ED9AEF90066F17E /* Frameworks */ = {
			isa = PBXFrameworksBuildPhase;
			buildActionMask = 2147483647;
			files = (
			);
			runOnlyForDeploymentPostprocessing = 0;
		};
		A54E14E01ED9AEFA0066F17E /* Frameworks */ = {
			isa = PBXFrameworksBuildPhase;
			buildActionMask = 2147483647;
			files = (
			);
			runOnlyForDeploymentPostprocessing = 0;
		};
/* End PBXFrameworksBuildPhase section */

/* Begin PBXGroup section */
		2EE0B24657EF5DCEC8207641 /* Pods */ = {
			isa = PBXGroup;
			children = (
				0A45B887241C42A95B85701D /* Pods-WebSocketTracker.debug.xcconfig */,
				F2F8F69B72F7A5C0287E407C /* Pods-WebSocketTracker.release.xcconfig */,
			);
			name = Pods;
			sourceTree = "<group>";
		};
		A54E14BB1ED9AEF90066F17E = {
			isa = PBXGroup;
			children = (
				A54E14C61ED9AEF90066F17E /* WebSocketTracker */,
				A54E14DB1ED9AEF90066F17E /* WebSocketTrackerTests */,
				A54E14E61ED9AEFA0066F17E /* WebSocketTrackerUITests */,
				A54E14C51ED9AEF90066F17E /* Products */,
				2EE0B24657EF5DCEC8207641 /* Pods */,
				A7C3CAB6907E1BD5E59564A9 /* Frameworks */,
			);
			sourceTree = "<group>";
		};
		A54E14C51ED9AEF90066F17E /* Products */ = {
			isa = PBXGroup;
			children = (
				A54E14C41ED9AEF90066F17E /* WebSocketTracker.app */,
				A54E14D81ED9AEF90066F17E /* WebSocketTrackerTests.xctest */,
				A54E14E31ED9AEFA0066F17E /* WebSocketTrackerUITests.xctest */,
			);
			name = Products;
			sourceTree = "<group>";
		};
		A54E14C61ED9AEF90066F17E /* WebSocketTracker */ = {
			isa = PBXGroup;
			children = (
				A5839C181EEECB7C00A45923 /* AppDelegate */,
				A5839C191EEECB8900A45923 /* Controller */,
				A5839C1D1EEECC2400A45923 /* WebSocket */,
				A5839C1A1EEECBB200A45923 /* View */,
				A5839C1C1EEECBF400A45923 /* Resources */,
				A5839C1B1EEECBD100A45923 /* Supporting Files */,
			);
			path = WebSocketTracker;
			sourceTree = "<group>";
		};
		A54E14DB1ED9AEF90066F17E /* WebSocketTrackerTests */ = {
			isa = PBXGroup;
			children = (
				A54E14DC1ED9AEF90066F17E /* WebSocketTrackerTests.swift */,
				A54E14DE1ED9AEFA0066F17E /* Info.plist */,
			);
			path = WebSocketTrackerTests;
			sourceTree = "<group>";
		};
		A54E14E61ED9AEFA0066F17E /* WebSocketTrackerUITests */ = {
			isa = PBXGroup;
			children = (
				A54E14E71ED9AEFA0066F17E /* WebSocketTrackerUITests.swift */,
				A54E14E91ED9AEFA0066F17E /* Info.plist */,
			);
			path = WebSocketTrackerUITests;
			sourceTree = "<group>";
		};
		A5839C181EEECB7C00A45923 /* AppDelegate */ = {
			isa = PBXGroup;
			children = (
				A54E14C71ED9AEF90066F17E /* AppDelegate.swift */,
			);
			name = AppDelegate;
			sourceTree = "<group>";
		};
		A5839C191EEECB8900A45923 /* Controller */ = {
			isa = PBXGroup;
			children = (
				A54E14C91ED9AEF90066F17E /* UsersListVC.swift */,
				A54E14F71ED9DA800066F17E /* MapVC.swift */,
			);
			name = Controller;
			sourceTree = "<group>";
		};
		A5839C1A1EEECBB200A45923 /* View */ = {
			isa = PBXGroup;
			children = (
				A54E14CB1ED9AEF90066F17E /* Main.storyboard */,
				A54E14D01ED9AEF90066F17E /* LaunchScreen.storyboard */,
			);
			name = View;
			sourceTree = "<group>";
		};
		A5839C1B1EEECBD100A45923 /* Supporting Files */ = {
			isa = PBXGroup;
			children = (
				A54E14D31ED9AEF90066F17E /* Info.plist */,
			);
			name = "Supporting Files";
			sourceTree = "<group>";
		};
		A5839C1C1EEECBF400A45923 /* Resources */ = {
			isa = PBXGroup;
			children = (
				A54E14CE1ED9AEF90066F17E /* Assets.xcassets */,
			);
			name = Resources;
			sourceTree = "<group>";
		};
		A5839C1D1EEECC2400A45923 /* WebSocket */ = {
			isa = PBXGroup;
			children = (
				A54E14F51ED9B4380066F17E /* SocketManager.swift */,
			);
			name = WebSocket;
			sourceTree = "<group>";
		};
		A7C3CAB6907E1BD5E59564A9 /* Frameworks */ = {
			isa = PBXGroup;
			children = (
				2B8C0392F7ACB1BB5ABF041F /* Pods_WebSocketTracker.framework */,
			);
			name = Frameworks;
			sourceTree = "<group>";
		};
/* End PBXGroup section */

/* Begin PBXNativeTarget section */
		A54E14C31ED9AEF90066F17E /* WebSocketTracker */ = {
			isa = PBXNativeTarget;
			buildConfigurationList = A54E14EC1ED9AEFA0066F17E /* Build configuration list for PBXNativeTarget "WebSocketTracker" */;
			buildPhases = (
				59205A6E1D5228317FDE3822 /* [CP] Check Pods Manifest.lock */,
				A54E14C01ED9AEF90066F17E /* Sources */,
				A54E14C11ED9AEF90066F17E /* Frameworks */,
				A54E14C21ED9AEF90066F17E /* Resources */,
				16B314B1495613A9608C0B1B /* [CP] Embed Pods Frameworks */,
				FA9A56B244E20E7452F9BF4E /* [CP] Copy Pods Resources */,
			);
			buildRules = (
			);
			dependencies = (
			);
			name = WebSocketTracker;
			productName = WebSocketTracker;
			productReference = A54E14C41ED9AEF90066F17E /* WebSocketTracker.app */;
			productType = "com.apple.product-type.application";
		};
		A54E14D71ED9AEF90066F17E /* WebSocketTrackerTests */ = {
			isa = PBXNativeTarget;
			buildConfigurationList = A54E14EF1ED9AEFA0066F17E /* Build configuration list for PBXNativeTarget "WebSocketTrackerTests" */;
			buildPhases = (
				A54E14D41ED9AEF90066F17E /* Sources */,
				A54E14D51ED9AEF90066F17E /* Frameworks */,
				A54E14D61ED9AEF90066F17E /* Resources */,
			);
			buildRules = (
			);
			dependencies = (
				A54E14DA1ED9AEF90066F17E /* PBXTargetDependency */,
			);
			name = WebSocketTrackerTests;
			productName = WebSocketTrackerTests;
			productReference = A54E14D81ED9AEF90066F17E /* WebSocketTrackerTests.xctest */;
			productType = "com.apple.product-type.bundle.unit-test";
		};
		A54E14E21ED9AEFA0066F17E /* WebSocketTrackerUITests */ = {
			isa = PBXNativeTarget;
			buildConfigurationList = A54E14F21ED9AEFA0066F17E /* Build configuration list for PBXNativeTarget "WebSocketTrackerUITests" */;
			buildPhases = (
				A54E14DF1ED9AEFA0066F17E /* Sources */,
				A54E14E01ED9AEFA0066F17E /* Frameworks */,
				A54E14E11ED9AEFA0066F17E /* Resources */,
			);
			buildRules = (
			);
			dependencies = (
				A54E14E51ED9AEFA0066F17E /* PBXTargetDependency */,
			);
			name = WebSocketTrackerUITests;
			productName = WebSocketTrackerUITests;
			productReference = A54E14E31ED9AEFA0066F17E /* WebSocketTrackerUITests.xctest */;
			productType = "com.apple.product-type.bundle.ui-testing";
		};
/* End PBXNativeTarget section */

/* Begin PBXProject section */
		A54E14BC1ED9AEF90066F17E /* Project object */ = {
			isa = PBXProject;
			attributes = {
				LastSwiftUpdateCheck = 0830;
				LastUpgradeCheck = 0830;
				ORGANIZATIONNAME = "Douglas Barbosa";
				TargetAttributes = {
					A54E14C31ED9AEF90066F17E = {
						CreatedOnToolsVersion = 8.3.2;
						DevelopmentTeam = G6ZKV32R73;
						ProvisioningStyle = Automatic;
					};
					A54E14D71ED9AEF90066F17E = {
						CreatedOnToolsVersion = 8.3.2;
						ProvisioningStyle = Automatic;
						TestTargetID = A54E14C31ED9AEF90066F17E;
					};
					A54E14E21ED9AEFA0066F17E = {
						CreatedOnToolsVersion = 8.3.2;
						ProvisioningStyle = Automatic;
						TestTargetID = A54E14C31ED9AEF90066F17E;
					};
				};
			};
			buildConfigurationList = A54E14BF1ED9AEF90066F17E /* Build configuration list for PBXProject "WebSocketTracker" */;
			compatibilityVersion = "Xcode 3.2";
			developmentRegion = English;
			hasScannedForEncodings = 0;
			knownRegions = (
				en,
				Base,
			);
			mainGroup = A54E14BB1ED9AEF90066F17E;
			productRefGroup = A54E14C51ED9AEF90066F17E /* Products */;
			projectDirPath = "";
			projectRoot = "";
			targets = (
				A54E14C31ED9AEF90066F17E /* WebSocketTracker */,
				A54E14D71ED9AEF90066F17E /* WebSocketTrackerTests */,
				A54E14E21ED9AEFA0066F17E /* WebSocketTrackerUITests */,
			);
		};
/* End PBXProject section */

/* Begin PBXResourcesBuildPhase section */
		A54E14C21ED9AEF90066F17E /* Resources */ = {
			isa = PBXResourcesBuildPhase;
			buildActionMask = 2147483647;
			files = (
				A54E14D21ED9AEF90066F17E /* LaunchScreen.storyboard in Resources */,
				A54E14CF1ED9AEF90066F17E /* Assets.xcassets in Resources */,
				A54E14CD1ED9AEF90066F17E /* Main.storyboard in Resources */,
			);
			runOnlyForDeploymentPostprocessing = 0;
		};
		A54E14D61ED9AEF90066F17E /* Resources */ = {
			isa = PBXResourcesBuildPhase;
			buildActionMask = 2147483647;
			files = (
			);
			runOnlyForDeploymentPostprocessing = 0;
		};
		A54E14E11ED9AEFA0066F17E /* Resources */ = {
			isa = PBXResourcesBuildPhase;
			buildActionMask = 2147483647;
			files = (
			);
			runOnlyForDeploymentPostprocessing = 0;
		};
/* End PBXResourcesBuildPhase section */

/* Begin PBXShellScriptBuildPhase section */
		16B314B1495613A9608C0B1B /* [CP] Embed Pods Frameworks */ = {
			isa = PBXShellScriptBuildPhase;
			buildActionMask = 2147483647;
			files = (
			);
			inputPaths = (
			);
			name = "[CP] Embed Pods Frameworks";
			outputPaths = (
			);
			runOnlyForDeploymentPostprocessing = 0;
			shellPath = /bin/sh;
			shellScript = "\"${SRCROOT}/Pods/Target Support Files/Pods-WebSocketTracker/Pods-WebSocketTracker-frameworks.sh\"\n";
			showEnvVarsInLog = 0;
		};
		59205A6E1D5228317FDE3822 /* [CP] Check Pods Manifest.lock */ = {
			isa = PBXShellScriptBuildPhase;
			buildActionMask = 2147483647;
			files = (
			);
			inputPaths = (
			);
			name = "[CP] Check Pods Manifest.lock";
			outputPaths = (
			);
			runOnlyForDeploymentPostprocessing = 0;
			shellPath = /bin/sh;
			shellScript = "diff \"${PODS_ROOT}/../Podfile.lock\" \"${PODS_ROOT}/Manifest.lock\" > /dev/null\nif [ $? != 0 ] ; then\n    # print error to STDERR\n    echo \"error: The sandbox is not in sync with the Podfile.lock. Run 'pod install' or update your CocoaPods installation.\" >&2\n    exit 1\nfi\n";
			showEnvVarsInLog = 0;
		};
		FA9A56B244E20E7452F9BF4E /* [CP] Copy Pods Resources */ = {
			isa = PBXShellScriptBuildPhase;
			buildActionMask = 2147483647;
			files = (
			);
			inputPaths = (
			);
			name = "[CP] Copy Pods Resources";
			outputPaths = (
			);
			runOnlyForDeploymentPostprocessing = 0;
			shellPath = /bin/sh;
			shellScript = "\"${SRCROOT}/Pods/Target Support Files/Pods-WebSocketTracker/Pods-WebSocketTracker-resources.sh\"\n";
			showEnvVarsInLog = 0;
		};
/* End PBXShellScriptBuildPhase section */

/* Begin PBXSourcesBuildPhase section */
		A54E14C01ED9AEF90066F17E /* Sources */ = {
			isa = PBXSourcesBuildPhase;
			buildActionMask = 2147483647;
			files = (
				A54E14CA1ED9AEF90066F17E /* UsersListVC.swift in Sources */,
				A54E14F81ED9DA800066F17E /* MapVC.swift in Sources */,
				A54E14F61ED9B4380066F17E /* SocketManager.swift in Sources */,
				A54E14C81ED9AEF90066F17E /* AppDelegate.swift in Sources */,
			);
			runOnlyForDeploymentPostprocessing = 0;
		};
		A54E14D41ED9AEF90066F17E /* Sources */ = {
			isa = PBXSourcesBuildPhase;
			buildActionMask = 2147483647;
			files = (
				A54E14DD1ED9AEF90066F17E /* WebSocketTrackerTests.swift in Sources */,
			);
			runOnlyForDeploymentPostprocessing = 0;
		};
		A54E14DF1ED9AEFA0066F17E /* Sources */ = {
			isa = PBXSourcesBuildPhase;
			buildActionMask = 2147483647;
			files = (
				A54E14E81ED9AEFA0066F17E /* WebSocketTrackerUITests.swift in Sources */,
			);
			runOnlyForDeploymentPostprocessing = 0;
		};
/* End PBXSourcesBuildPhase section */

/* Begin PBXTargetDependency section */
		A54E14DA1ED9AEF90066F17E /* PBXTargetDependency */ = {
			isa = PBXTargetDependency;
			target = A54E14C31ED9AEF90066F17E /* WebSocketTracker */;
			targetProxy = A54E14D91ED9AEF90066F17E /* PBXContainerItemProxy */;
		};
		A54E14E51ED9AEFA0066F17E /* PBXTargetDependency */ = {
			isa = PBXTargetDependency;
			target = A54E14C31ED9AEF90066F17E /* WebSocketTracker */;
			targetProxy = A54E14E41ED9AEFA0066F17E /* PBXContainerItemProxy */;
		};
/* End PBXTargetDependency section */

/* Begin PBXVariantGroup section */
		A54E14CB1ED9AEF90066F17E /* Main.storyboard */ = {
			isa = PBXVariantGroup;
			children = (
				A54E14CC1ED9AEF90066F17E /* Base */,
			);
			name = Main.storyboard;
			sourceTree = "<group>";
		};
		A54E14D01ED9AEF90066F17E /* LaunchScreen.storyboard */ = {
			isa = PBXVariantGroup;
			children = (
				A54E14D11ED9AEF90066F17E /* Base */,
			);
			name = LaunchScreen.storyboard;
			sourceTree = "<group>";
		};
/* End PBXVariantGroup section */

/* Begin XCBuildConfiguration section */
		A54E14EA1ED9AEFA0066F17E /* Debug */ = {
			isa = XCBuildConfiguration;
			buildSettings = {
				ALWAYS_SEARCH_USER_PATHS = NO;
				CLANG_ANALYZER_NONNULL = YES;
				CLANG_ANALYZER_NUMBER_OBJECT_CONVERSION = YES_AGGRESSIVE;
				CLANG_CXX_LANGUAGE_STANDARD = "gnu++0x";
				CLANG_CXX_LIBRARY = "libc++";
				CLANG_ENABLE_MODULES = YES;
				CLANG_ENABLE_OBJC_ARC = YES;
				CLANG_WARN_BOOL_CONVERSION = YES;
				CLANG_WARN_CONSTANT_CONVERSION = YES;
				CLANG_WARN_DIRECT_OBJC_ISA_USAGE = YES_ERROR;
				CLANG_WARN_DOCUMENTATION_COMMENTS = YES;
				CLANG_WARN_EMPTY_BODY = YES;
				CLANG_WARN_ENUM_CONVERSION = YES;
				CLANG_WARN_INFINITE_RECURSION = YES;
				CLANG_WARN_INT_CONVERSION = YES;
				CLANG_WARN_OBJC_ROOT_CLASS = YES_ERROR;
				CLANG_WARN_SUSPICIOUS_MOVE = YES;
				CLANG_WARN_UNREACHABLE_CODE = YES;
				CLANG_WARN__DUPLICATE_METHOD_MATCH = YES;
				"CODE_SIGN_IDENTITY[sdk=iphoneos*]" = "iPhone Developer";
				COPY_PHASE_STRIP = NO;
				DEBUG_INFORMATION_FORMAT = dwarf;
				ENABLE_STRICT_OBJC_MSGSEND = YES;
				ENABLE_TESTABILITY = YES;
				GCC_C_LANGUAGE_STANDARD = gnu99;
				GCC_DYNAMIC_NO_PIC = NO;
				GCC_NO_COMMON_BLOCKS = YES;
				GCC_OPTIMIZATION_LEVEL = 0;
				GCC_PREPROCESSOR_DEFINITIONS = (
					"DEBUG=1",
					"$(inherited)",
				);
				GCC_WARN_64_TO_32_BIT_CONVERSION = YES;
				GCC_WARN_ABOUT_RETURN_TYPE = YES_ERROR;
				GCC_WARN_UNDECLARED_SELECTOR = YES;
				GCC_WARN_UNINITIALIZED_AUTOS = YES_AGGRESSIVE;
				GCC_WARN_UNUSED_FUNCTION = YES;
				GCC_WARN_UNUSED_VARIABLE = YES;
				IPHONEOS_DEPLOYMENT_TARGET = 10.3;
				MTL_ENABLE_DEBUG_INFO = YES;
				ONLY_ACTIVE_ARCH = YES;
				SDKROOT = iphoneos;
				SWIFT_ACTIVE_COMPILATION_CONDITIONS = DEBUG;
				SWIFT_OPTIMIZATION_LEVEL = "-Onone";
			};
			name = Debug;
		};
		A54E14EB1ED9AEFA0066F17E /* Release */ = {
			isa = XCBuildConfiguration;
			buildSettings = {
				ALWAYS_SEARCH_USER_PATHS = NO;
				CLANG_ANALYZER_NONNULL = YES;
				CLANG_ANALYZER_NUMBER_OBJECT_CONVERSION = YES_AGGRESSIVE;
				CLANG_CXX_LANGUAGE_STANDARD = "gnu++0x";
				CLANG_CXX_LIBRARY = "libc++";
				CLANG_ENABLE_MODULES = YES;
				CLANG_ENABLE_OBJC_ARC = YES;
				CLANG_WARN_BOOL_CONVERSION = YES;
				CLANG_WARN_CONSTANT_CONVERSION = YES;
				CLANG_WARN_DIRECT_OBJC_ISA_USAGE = YES_ERROR;
				CLANG_WARN_DOCUMENTATION_COMMENTS = YES;
				CLANG_WARN_EMPTY_BODY = YES;
				CLANG_WARN_ENUM_CONVERSION = YES;
				CLANG_WARN_INFINITE_RECURSION = YES;
				CLANG_WARN_INT_CONVERSION = YES;
				CLANG_WARN_OBJC_ROOT_CLASS = YES_ERROR;
				CLANG_WARN_SUSPICIOUS_MOVE = YES;
				CLANG_WARN_UNREACHABLE_CODE = YES;
				CLANG_WARN__DUPLICATE_METHOD_MATCH = YES;
				"CODE_SIGN_IDENTITY[sdk=iphoneos*]" = "iPhone Developer";
				COPY_PHASE_STRIP = NO;
				DEBUG_INFORMATION_FORMAT = "dwarf-with-dsym";
				ENABLE_NS_ASSERTIONS = NO;
				ENABLE_STRICT_OBJC_MSGSEND = YES;
				GCC_C_LANGUAGE_STANDARD = gnu99;
				GCC_NO_COMMON_BLOCKS = YES;
				GCC_WARN_64_TO_32_BIT_CONVERSION = YES;
				GCC_WARN_ABOUT_RETURN_TYPE = YES_ERROR;
				GCC_WARN_UNDECLARED_SELECTOR = YES;
				GCC_WARN_UNINITIALIZED_AUTOS = YES_AGGRESSIVE;
				GCC_WARN_UNUSED_FUNCTION = YES;
				GCC_WARN_UNUSED_VARIABLE = YES;
				IPHONEOS_DEPLOYMENT_TARGET = 10.3;
				MTL_ENABLE_DEBUG_INFO = NO;
				SDKROOT = iphoneos;
				SWIFT_OPTIMIZATION_LEVEL = "-Owholemodule";
				VALIDATE_PRODUCT = YES;
			};
			name = Release;
		};
		A54E14ED1ED9AEFA0066F17E /* Debug */ = {
			isa = XCBuildConfiguration;
			baseConfigurationReference = 0A45B887241C42A95B85701D /* Pods-WebSocketTracker.debug.xcconfig */;
			buildSettings = {
				ASSETCATALOG_COMPILER_APPICON_NAME = AppIcon;
				"CODE_SIGN_IDENTITY[sdk=iphoneos*]" = "iPhone Developer";
				DEVELOPMENT_TEAM = G6ZKV32R73;
				INFOPLIST_FILE = WebSocketTracker/Info.plist;
				LD_RUNPATH_SEARCH_PATHS = "$(inherited) @executable_path/Frameworks";
				PRODUCT_BUNDLE_IDENTIFIER = tutorial.WebSocketTracker;
				PRODUCT_NAME = "$(TARGET_NAME)";
				PROVISIONING_PROFILE_SPECIFIER = "";
				SWIFT_VERSION = 3.0;
			};
			name = Debug;
		};
		A54E14EE1ED9AEFA0066F17E /* Release */ = {
			isa = XCBuildConfiguration;
			baseConfigurationReference = F2F8F69B72F7A5C0287E407C /* Pods-WebSocketTracker.release.xcconfig */;
			buildSettings = {
				ASSETCATALOG_COMPILER_APPICON_NAME = AppIcon;
				"CODE_SIGN_IDENTITY[sdk=iphoneos*]" = "iPhone Developer";
				DEVELOPMENT_TEAM = G6ZKV32R73;
				INFOPLIST_FILE = WebSocketTracker/Info.plist;
				LD_RUNPATH_SEARCH_PATHS = "$(inherited) @executable_path/Frameworks";
				PRODUCT_BUNDLE_IDENTIFIER = tutorial.WebSocketTracker;
				PRODUCT_NAME = "$(TARGET_NAME)";
				PROVISIONING_PROFILE_SPECIFIER = "";
				SWIFT_VERSION = 3.0;
			};
			name = Release;
		};
		A54E14F01ED9AEFA0066F17E /* Debug */ = {
			isa = XCBuildConfiguration;
			buildSettings = {
				ALWAYS_EMBED_SWIFT_STANDARD_LIBRARIES = YES;
				BUNDLE_LOADER = "$(TEST_HOST)";
				INFOPLIST_FILE = WebSocketTrackerTests/Info.plist;
				LD_RUNPATH_SEARCH_PATHS = "$(inherited) @executable_path/Frameworks @loader_path/Frameworks";
				PRODUCT_BUNDLE_IDENTIFIER = tutorial.WebSocketTrackerTests;
				PRODUCT_NAME = "$(TARGET_NAME)";
				SWIFT_VERSION = 3.0;
				TEST_HOST = "$(BUILT_PRODUCTS_DIR)/WebSocketTracker.app/WebSocketTracker";
			};
			name = Debug;
		};
		A54E14F11ED9AEFA0066F17E /* Release */ = {
			isa = XCBuildConfiguration;
			buildSettings = {
				ALWAYS_EMBED_SWIFT_STANDARD_LIBRARIES = YES;
				BUNDLE_LOADER = "$(TEST_HOST)";
				INFOPLIST_FILE = WebSocketTrackerTests/Info.plist;
				LD_RUNPATH_SEARCH_PATHS = "$(inherited) @executable_path/Frameworks @loader_path/Frameworks";
				PRODUCT_BUNDLE_IDENTIFIER = tutorial.WebSocketTrackerTests;
				PRODUCT_NAME = "$(TARGET_NAME)";
				SWIFT_VERSION = 3.0;
				TEST_HOST = "$(BUILT_PRODUCTS_DIR)/WebSocketTracker.app/WebSocketTracker";
			};
			name = Release;
		};
		A54E14F31ED9AEFA0066F17E /* Debug */ = {
			isa = XCBuildConfiguration;
			buildSettings = {
				ALWAYS_EMBED_SWIFT_STANDARD_LIBRARIES = YES;
				INFOPLIST_FILE = WebSocketTrackerUITests/Info.plist;
				LD_RUNPATH_SEARCH_PATHS = "$(inherited) @executable_path/Frameworks @loader_path/Frameworks";
				PRODUCT_BUNDLE_IDENTIFIER = tutorial.WebSocketTrackerUITests;
				PRODUCT_NAME = "$(TARGET_NAME)";
				SWIFT_VERSION = 3.0;
				TEST_TARGET_NAME = WebSocketTracker;
			};
			name = Debug;
		};
		A54E14F41ED9AEFA0066F17E /* Release */ = {
			isa = XCBuildConfiguration;
			buildSettings = {
				ALWAYS_EMBED_SWIFT_STANDARD_LIBRARIES = YES;
				INFOPLIST_FILE = WebSocketTrackerUITests/Info.plist;
				LD_RUNPATH_SEARCH_PATHS = "$(inherited) @executable_path/Frameworks @loader_path/Frameworks";
				PRODUCT_BUNDLE_IDENTIFIER = tutorial.WebSocketTrackerUITests;
				PRODUCT_NAME = "$(TARGET_NAME)";
				SWIFT_VERSION = 3.0;
				TEST_TARGET_NAME = WebSocketTracker;
			};
			name = Release;
		};
/* End XCBuildConfiguration section */

/* Begin XCConfigurationList section */
		A54E14BF1ED9AEF90066F17E /* Build configuration list for PBXProject "WebSocketTracker" */ = {
			isa = XCConfigurationList;
			buildConfigurations = (
				A54E14EA1ED9AEFA0066F17E /* Debug */,
				A54E14EB1ED9AEFA0066F17E /* Release */,
			);
			defaultConfigurationIsVisible = 0;
			defaultConfigurationName = Release;
		};
		A54E14EC1ED9AEFA0066F17E /* Build configuration list for PBXNativeTarget "WebSocketTracker" */ = {
			isa = XCConfigurationList;
			buildConfigurations = (
				A54E14ED1ED9AEFA0066F17E /* Debug */,
				A54E14EE1ED9AEFA0066F17E /* Release */,
			);
			defaultConfigurationIsVisible = 0;
			defaultConfigurationName = Release;
		};
		A54E14EF1ED9AEFA0066F17E /* Build configuration list for PBXNativeTarget "WebSocketTrackerTests" */ = {
			isa = XCConfigurationList;
			buildConfigurations = (
				A54E14F01ED9AEFA0066F17E /* Debug */,
				A54E14F11ED9AEFA0066F17E /* Release */,
			);
			defaultConfigurationIsVisible = 0;
			defaultConfigurationName = Release;
		};
		A54E14F21ED9AEFA0066F17E /* Build configuration list for PBXNativeTarget "WebSocketTrackerUITests" */ = {
			isa = XCConfigurationList;
			buildConfigurations = (
				A54E14F31ED9AEFA0066F17E /* Debug */,
				A54E14F41ED9AEFA0066F17E /* Release */,
			);
			defaultConfigurationIsVisible = 0;
			defaultConfigurationName = Release;
		};
/* End XCConfigurationList section */
	};
	rootObject = A54E14BC1ED9AEF90066F17E /* Project object */;
}
